# This file is autogenerated, do not edit; changes may be undone by the next 'dep ensure'.


[[projects]]
  branch = "master"
  digest = "1:efcf7262b823570a5b9a7b10dcd12c4665548302e8ff21393e8d05c3418a436c"
  name = "github.com/bitrise-io/go-utils"
  packages = [
    "colorstring",
    "command",
    "command/git",
    "errorutil",
    "log",
    "parseutil",
    "pathutil",
    "pointers",
    "versions",
  ]
  pruneopts = "UT"
  revision = "d1de0dbcb811588e61362aff67bb700b93c13c17"

[[projects]]
  branch = "master"
  digest = "1:d9f47b0642c42512eefed4aad27c4daf41e9f3380087d302cd0a9f5612143856"
  name = "github.com/bitrise-tools/go-steputils"
  packages = ["stepconf"]
  pruneopts = "UT"
  revision = "d4d9e08cc4347e8784bb18419fcdceb932e17019"

[[projects]]
  digest = "1:705c40022f5c03bf96ffeb6477858d88565064485a513abcd0f11a0911546cb6"
  name = "github.com/blang/semver"
  packages = ["."]
  pruneopts = "UT"
  revision = "2ee87856327ba09384cabd113bc6b5d174e9ec0f"
  version = "v3.5.1"

[[projects]]
  digest = "1:ffe9824d294da03b391f44e1ae8281281b4afc1bdaa9588c9097785e3af10cec"
  name = "github.com/davecgh/go-spew"
  packages = ["spew"]
  pruneopts = "UT"
  revision = "8991bc29aa16c548c550c7ff78260e27b9ab7c73"
  version = "v1.1.1"

[[projects]]
  branch = "master"
  digest = "1:988cfde37f089c50ba1ac8a1032c3f81d2ac0359e1872093b946a30139665eb6"
  name = "github.com/dsnet/compress"
  packages = [
    ".",
    "bzip2",
    "bzip2/internal/sais",
    "internal",
    "internal/errors",
    "internal/prefix",
  ]
  pruneopts = "UT"
  revision = "cc9eb1d7ad760af14e8f918698f745e80377af4f"

[[projects]]
  branch = "master"
  digest = "1:4a0c6bb4805508a6287675fac876be2ac1182539ca8a32468d8128882e9d5009"
  name = "github.com/golang/snappy"
  packages = ["."]
  pruneopts = "UT"
  revision = "2e65f85255dbc3072edf28d6b5b8efc472979f5a"

[[projects]]
  branch = "master"
  digest = "1:c568d7727aa262c32bdf8a3f7db83614f7af0ed661474b24588de635c20024c7"
  name = "github.com/magiconair/properties"
  packages = ["."]
  pruneopts = "UT"
  revision = "c2353362d570a7bfa228149c62842019201cfb71"

[[projects]]
  branch = "master"
  digest = "1:d6f988e7296cebe16d9c405b73bee34da871b382f7438c811279614a725239ae"
  name = "github.com/mholt/archiver"
  packages = ["."]
  pruneopts = "UT"
  revision = "de0d89e255e17c8d75a40122055763e743ab0593"

[[projects]]
  digest = "1:b93a939355dc613ca1c23bf39f6d4c207da431a31dd8af001cc334ad24cab9d3"
  name = "github.com/nwaples/rardecode"
  packages = ["."]
  pruneopts = "UT"
  revision = "cc3e4b2381762c56dbcdf9f93be03349a1dc1c14"
  version = "v1.0.0"

[[projects]]
  digest = "1:e39a5ee8fcbec487f8fc68863ef95f2b025e0739b0e4aa55558a2b4cf8f0ecf0"
  name = "github.com/pierrec/lz4"
  packages = [
    ".",
    "internal/xxh32",
  ]
  pruneopts = "UT"
  revision = "635575b42742856941dbc767b44905bb9ba083f6"
  version = "v2.0.7"

[[projects]]
  digest = "1:0028cb19b2e4c3112225cd871870f2d9cf49b9b4276531f03438a88e94be86fe"
  name = "github.com/pmezard/go-difflib"
  packages = ["difflib"]
  pruneopts = "UT"
  revision = "792786c7400a136282c1664665ae0a8db921c6c2"
  version = "v1.0.0"

[[projects]]
  digest = "1:c40d65817cdd41fac9aa7af8bed56927bb2d6d47e4fea566a74880f5c2b1c41e"
  name = "github.com/stretchr/testify"
  packages = [
    "assert",
    "require",
  ]
  pruneopts = "UT"
  revision = "f35b8ab0b5a2cef36673838d662e249dd9c94686"
  version = "v1.2.2"

[[projects]]
  digest = "1:db345c377984d0907323c09a9b17f11d995a59649fd38f909727df358b5f9020"
  name = "github.com/ulikunitz/xz"
  packages = [
    ".",
    "internal/hash",
    "internal/xlog",
    "lzma",
  ]
  pruneopts = "UT"
  revision = "590df8077fbcb06ad62d7714da06c00e5dd2316d"
  version = "v0.5.5"

[solve-meta]
  analyzer-name = "dep"
  analyzer-version = 1
  input-imports = [
    "github.com/bitrise-io/go-utils/command",
    "github.com/bitrise-io/go-utils/command/git",
    "github.com/bitrise-io/go-utils/log",
    "github.com/bitrise-io/go-utils/pathutil",
    "github.com/bitrise-io/go-utils/versions",
    "github.com/bitrise-tools/go-steputils/stepconf",
    "github.com/blang/semver",
    "github.com/magiconair/properties",
    "github.com/mholt/archiver",
    "github.com/stretchr/testify/require",
  ]
  solver-name = "gps-cdcl"
  solver-version = 1
