# This file is autogenerated, do not edit; changes may be undone by the next 'dep ensure'.


[[projects]]
  name = "github.com/bitrise-io/go-utils"
  packages = [
    "colorstring",
    "command",
    "errorutil",
    "log",
    "pathutil",
    "versions"
  ]
  revision = "961320f9011cedf55e1da0578949bf63450a96c0"

[[projects]]
  name = "github.com/davecgh/go-spew"
  packages = ["spew"]
  revision = "782f4967f2dc4564575ca782fe2d04090b5faca8"

[[projects]]
  branch = "master"
  name = "github.com/dsnet/compress"
  packages = [
    ".",
    "bzip2",
    "bzip2/internal/sais",
    "internal",
    "internal/errors",
    "internal/prefix"
  ]
  revision = "cc9eb1d7ad760af14e8f918698f745e80377af4f"

[[projects]]
  branch = "master"
  name = "github.com/golang/snappy"
  packages = ["."]
  revision = "553a641470496b2327abcac10b36396bd98e45c9"

[[projects]]
  branch = "master"
  name = "github.com/magiconair/properties"
  packages = ["."]
  revision = "2c9e9502788518c97fe44e8955cd069417ee89df"

[[projects]]
  branch = "master"
  name = "github.com/mholt/archiver"
  packages = ["."]
  revision = "e4ef56d48eb029648b0e895bb0b6a393ef0829c3"

[[projects]]
  branch = "master"
  name = "github.com/nwaples/rardecode"
  packages = ["."]
  revision = "e06696f847aeda6f39a8f0b7cdff193b7690aef6"

[[projects]]
  branch = "master"
  name = "github.com/pierrec/lz4"
  packages = ["."]
  revision = "ed8d4cc3b461464e69798080a0092bd028910298"

[[projects]]
  branch = "master"
  name = "github.com/pierrec/xxHash"
  packages = ["xxHash32"]
  revision = "a0006b13c722f7f12368c00a3d3c2ae8a999a0c6"

[[projects]]
  name = "github.com/pmezard/go-difflib"
  packages = ["difflib"]
  revision = "792786c7400a136282c1664665ae0a8db921c6c2"
  version = "v1.0.0"

[[projects]]
  name = "github.com/stretchr/testify"
  packages = [
    "assert",
    "require"
  ]
  revision = "2aa2c176b9dab406a6970f6a55f513e8a8c8b18f"

[[projects]]
  name = "github.com/ulikunitz/xz"
  packages = [
    ".",
    "internal/hash",
    "internal/xlog",
    "lzma"
  ]
  revision = "0c6b41e72360850ca4f98dc341fd999726ea007f"
  version = "v0.5.4"

[solve-meta]
  analyzer-name = "dep"
  analyzer-version = 1
  inputs-digest = "575fd4a8dfd12fa51c6cd2147430c423330bb7fdaed0c4f81e5e5c3251f16a17"
  solver-name = "gps-cdcl"
  solver-version = 1
